
Microsoft Visual Studio Solution File, Format Version 12.00
# Visual Studio Version 17
VisualStudioVersion = 17.3.32901.215
MinimumVisualStudioVersion = 10.0.40219.1
Project("{FAE04EC0-301F-11D3-BF4B-00C04F79EFBC}") = "HashTableAndBST-Batch222", "HashTableAndBST-Batch222\HashTableAndBST-Batch222.csproj", "{2F1CFCA5-BC1B-497E-868E-5ED01D87C190}"
EndProject
Global
	GlobalSection(SolutionConfigurationPlatforms) = preSolution
		Debug|Any CPU = Debug|Any CPU
		Release|Any CPU = Release|Any CPU
	EndGlobalSection
	GlobalSection(ProjectConfigurationPlatforms) = postSolution
		{2F1CFCA5-BC1B-497E-868E-5ED01D87C190}.Debug|Any CPU.ActiveCfg = Debug|Any CPU
		{2F1CFCA5-BC1B-497E-868E-5ED01D87C190}.Debug|Any CPU.Build.0 = Debug|Any CPU
		{2F1CFCA5-BC1B-497E-868E-5ED01D87C190}.Release|Any CPU.ActiveCfg = Release|Any CPU
		{2F1CFCA5-BC1B-497E-868E-5ED01D87C190}.Release|Any CPU.Build.0 = Release|Any CPU
	EndGlobalSection
	GlobalSection(SolutionProperties) = preSolution
		HideSolutionNode = FALSE
	EndGlobalSection
	GlobalSection(ExtensibilityGlobals) = postSolution
		SolutionGuid = {BB5EEC96-C536-4EEA-99BF-D6FD4A786D1D}
	EndGlobalSection
EndGlobal
